
Microsoft Visual Studio Solution File, Format Version 12.00
# Visual Studio Version 17
VisualStudioVersion = 17.10.35122.118
MinimumVisualStudioVersion = 10.0.40219.1
Project("{FAE04EC0-301F-11D3-BF4B-00C04F79EFBC}") = "Unidad_1", "Unidad_1\Unidad_1.csproj", "{4663298B-384F-4E88-AF3E-A4F85962731B}"
EndProject
Global
	GlobalSection(SolutionConfigurationPlatforms) = preSolution
		Debug|Any CPU = Debug|Any CPU
		Release|Any CPU = Release|Any CPU
	EndGlobalSection
	GlobalSection(ProjectConfigurationPlatforms) = postSolution
		{4663298B-384F-4E88-AF3E-A4F85962731B}.Debug|Any CPU.ActiveCfg = Debug|Any CPU
		{4663298B-384F-4E88-AF3E-A4F85962731B}.Debug|Any CPU.Build.0 = Debug|Any CPU
		{4663298B-384F-4E88-AF3E-A4F85962731B}.Release|Any CPU.ActiveCfg = Release|Any CPU
		{4663298B-384F-4E88-AF3E-A4F85962731B}.Release|Any CPU.Build.0 = Release|Any CPU
	EndGlobalSection
	GlobalSection(SolutionProperties) = preSolution
		HideSolutionNode = FALSE
	EndGlobalSection
	GlobalSection(ExtensibilityGlobals) = postSolution
		SolutionGuid = {9B02DD0A-CA75-4926-BCD0-A9371928C576}
	EndGlobalSection
EndGlobal
